
Microsoft Visual Studio Solution File, Format Version 12.00
# Visual Studio 15
VisualStudioVersion = 15.0.28307.902
MinimumVisualStudioVersion = 10.0.40219.1
Project("{FAE04EC0-301F-11D3-BF4B-00C04F79EFBC}") = "GitTest2", "GitTest2\GitTest2.csproj", "{CD8FBA43-C4BE-4CD2-AB74-9B1C24A01257}"
EndProject
Global
	GlobalSection(SolutionConfigurationPlatforms) = preSolution
		Debug|Any CPU = Debug|Any CPU
		Release|Any CPU = Release|Any CPU
	EndGlobalSection
	GlobalSection(ProjectConfigurationPlatforms) = postSolution
		{CD8FBA43-C4BE-4CD2-AB74-9B1C24A01257}.Debug|Any CPU.ActiveCfg = Debug|Any CPU
		{CD8FBA43-C4BE-4CD2-AB74-9B1C24A01257}.Debug|Any CPU.Build.0 = Debug|Any CPU
		{CD8FBA43-C4BE-4CD2-AB74-9B1C24A01257}.Release|Any CPU.ActiveCfg = Release|Any CPU
		{CD8FBA43-C4BE-4CD2-AB74-9B1C24A01257}.Release|Any CPU.Build.0 = Release|Any CPU
	EndGlobalSection
	GlobalSection(SolutionProperties) = preSolution
		HideSolutionNode = FALSE
	EndGlobalSection
	GlobalSection(ExtensibilityGlobals) = postSolution
		SolutionGuid = {9205B598-E6B1-43D2-B342-963C9D4E08E2}
	EndGlobalSection
EndGlobal
